
Microsoft Visual Studio Solution File, Format Version 12.00
# Visual Studio Version 16
VisualStudioVersion = 16.0.808.5
MinimumVisualStudioVersion = 10.0.40219.1
Project("{FAE04EC0-301F-11D3-BF4B-00C04F79EFBC}") = "AddisonsFirstASPNET", "AddisonsFirstASPNET\AddisonsFirstASPNET.csproj", "{6E572643-8A9E-4636-870E-C4B63CE06222}"
EndProject
Global
	GlobalSection(SolutionConfigurationPlatforms) = preSolution
		Debug|Any CPU = Debug|Any CPU
		Release|Any CPU = Release|Any CPU
	EndGlobalSection
	GlobalSection(ProjectConfigurationPlatforms) = postSolution
		{6E572643-8A9E-4636-870E-C4B63CE06222}.Debug|Any CPU.ActiveCfg = Debug|Any CPU
		{6E572643-8A9E-4636-870E-C4B63CE06222}.Debug|Any CPU.Build.0 = Debug|Any CPU
		{6E572643-8A9E-4636-870E-C4B63CE06222}.Release|Any CPU.ActiveCfg = Release|Any CPU
		{6E572643-8A9E-4636-870E-C4B63CE06222}.Release|Any CPU.Build.0 = Release|Any CPU
	EndGlobalSection
	GlobalSection(SolutionProperties) = preSolution
		HideSolutionNode = FALSE
	EndGlobalSection
	GlobalSection(ExtensibilityGlobals) = postSolution
		SolutionGuid = {E08D9F2C-E312-4B85-BC8F-CBA9202C1390}
	EndGlobalSection
EndGlobal
